
Microsoft Visual Studio Solution File, Format Version 12.00
# Visual Studio Version 16
VisualStudioVersion = 16.0.29409.12
MinimumVisualStudioVersion = 10.0.40219.1
Project("{FAE04EC0-301F-11D3-BF4B-00C04F79EFBC}") = "ClientMessage", "ClientMessage\ClientMessage.csproj", "{842F3C56-BC70-489A-B5DE-165FD337B782}"
EndProject
Global
	GlobalSection(SolutionConfigurationPlatforms) = preSolution
		Debug|Any CPU = Debug|Any CPU
		Release|Any CPU = Release|Any CPU
	EndGlobalSection
	GlobalSection(ProjectConfigurationPlatforms) = postSolution
		{842F3C56-BC70-489A-B5DE-165FD337B782}.Debug|Any CPU.ActiveCfg = Debug|Any CPU
		{842F3C56-BC70-489A-B5DE-165FD337B782}.Debug|Any CPU.Build.0 = Debug|Any CPU
		{842F3C56-BC70-489A-B5DE-165FD337B782}.Release|Any CPU.ActiveCfg = Release|Any CPU
		{842F3C56-BC70-489A-B5DE-165FD337B782}.Release|Any CPU.Build.0 = Release|Any CPU
	EndGlobalSection
	GlobalSection(SolutionProperties) = preSolution
		HideSolutionNode = FALSE
	EndGlobalSection
	GlobalSection(ExtensibilityGlobals) = postSolution
		SolutionGuid = {918A7E88-7237-40D1-B457-8213E6F64D7A}
	EndGlobalSection
EndGlobal
